// !$*UTF8*$!
{
	archiveVersion = 1;
	classes = {
	};
	objectVersion = 50;
	objects = {

/* Begin PBXBuildFile section */
		5E354F19218B735B00F82DD1 /* AppDelegate.swift in Sources */ = {isa = PBXBuildFile; fileRef = 5E354F18218B735B00F82DD1 /* AppDelegate.swift */; };
		5E354F1B218B735B00F82DD1 /* ArtViewController.swift in Sources */ = {isa = PBXBuildFile; fileRef = 5E354F1A218B735B00F82DD1 /* ArtViewController.swift */; };
		5E354F1E218B735B00F82DD1 /* Main.storyboard in Resources */ = {isa = PBXBuildFile; fileRef = 5E354F1C218B735B00F82DD1 /* Main.storyboard */; };
		5E354F20218B735C00F82DD1 /* Assets.xcassets in Resources */ = {isa = PBXBuildFile; fileRef = 5E354F1F218B735C00F82DD1 /* Assets.xcassets */; };
		5E354F23218B735C00F82DD1 /* LaunchScreen.storyboard in Resources */ = {isa = PBXBuildFile; fileRef = 5E354F21218B735C00F82DD1 /* LaunchScreen.storyboard */; };
		5E354F2E218B7D1300F82DD1 /* ArtView.swift in Sources */ = {isa = PBXBuildFile; fileRef = 5E354F2D218B7D1300F82DD1 /* ArtView.swift */; };
/* End PBXBuildFile section */

/* Begin PBXFileReference section */
		5E354F15218B735B00F82DD1 /* ArtProject.app */ = {isa = PBXFileReference; explicitFileType = wrapper.application; includeInIndex = 0; path = ArtProject.app; sourceTree = BUILT_PRODUCTS_DIR; };
		5E354F18218B735B00F82DD1 /* AppDelegate.swift */ = {isa = PBXFileReference; lastKnownFileType = sourcecode.swift; path = AppDelegate.swift; sourceTree = "<group>"; };
		5E354F1A218B735B00F82DD1 /* ArtViewController.swift */ = {isa = PBXFileReference; lastKnownFileType = sourcecode.swift; path = ArtViewController.swift; sourceTree = "<group>"; };
		5E354F1D218B735B00F82DD1 /* Base */ = {isa = PBXFileReference; lastKnownFileType = file.storyboard; name = Base; path = Base.lproj/Main.storyboard; sourceTree = "<group>"; };
		5E354F1F218B735C00F82DD1 /* Assets.xcassets */ = {isa = PBXFileReference; lastKnownFileType = folder.assetcatalog; path = Assets.xcassets; sourceTree = "<group>"; };
		5E354F22218B735C00F82DD1 /* Base */ = {isa = PBXFileReference; lastKnownFileType = file.storyboard; name = Base; path = Base.lproj/LaunchScreen.storyboard; sourceTree = "<group>"; };
		5E354F24218B735C00F82DD1 /* Info.plist */ = {isa = PBXFileReference; lastKnownFileType = text.plist.xml; path = Info.plist; sourceTree = "<group>"; };
		5E354F2D218B7D1300F82DD1 /* ArtView.swift */ = {isa = PBXFileReference; lastKnownFileType = sourcecode.swift; path = ArtView.swift; sourceTree = "<group>"; };
/* End PBXFileReference section */

/* Begin PBXFrameworksBuildPhase section */
		5E354F12218B735B00F82DD1 /* Frameworks */ = {
			isa = PBXFrameworksBuildPhase;
			buildActionMask = 2147483647;
			files = (
			);
			runOnlyForDeploymentPostprocessing = 0;
		};
/* End PBXFrameworksBuildPhase section */

/* Begin PBXGroup section */
		5E354F0C218B735B00F82DD1 = {
			isa = PBXGroup;
			children = (
				5E354F17218B735B00F82DD1 /* ArtProject */,
				5E354F16218B735B00F82DD1 /* Products */,
			);
			sourceTree = "<group>";
		};
		5E354F16218B735B00F82DD1 /* Products */ = {
			isa = PBXGroup;
			children = (
				5E354F15218B735B00F82DD1 /* ArtProject.app */,
			);
			name = Products;
			sourceTree = "<group>";
		};
		5E354F17218B735B00F82DD1 /* ArtProject */ = {
			isa = PBXGroup;
			children = (
				5E354F2C218B73B400F82DD1 /* View */,
				5E354F2B218B73AD00F82DD1 /* Resources */,
				5E354F2A218B73A200F82DD1 /* Controller */,
			);
			path = ArtProject;
			sourceTree = "<group>";
		};
		5E354F2A218B73A200F82DD1 /* Controller */ = {
			isa = PBXGroup;
			children = (
				5E354F1A218B735B00F82DD1 /* ArtViewController.swift */,
			);
			path = Controller;
			sourceTree = "<group>";
		};
		5E354F2B218B73AD00F82DD1 /* Resources */ = {
			isa = PBXGroup;
			children = (
				5E354F18218B735B00F82DD1 /* AppDelegate.swift */,
				5E354F1F218B735C00F82DD1 /* Assets.xcassets */,
				5E354F24218B735C00F82DD1 /* Info.plist */,
			);
			path = Resources;
			sourceTree = "<group>";
		};
		5E354F2C218B73B400F82DD1 /* View */ = {
			isa = PBXGroup;
			children = (
				5E354F1C218B735B00F82DD1 /* Main.storyboard */,
				5E354F21218B735C00F82DD1 /* LaunchScreen.storyboard */,
				5E354F2D218B7D1300F82DD1 /* ArtView.swift */,
			);
			path = View;
			sourceTree = "<group>";
		};
/* End PBXGroup section */

/* Begin PBXNativeTarget section */
		5E354F14218B735B00F82DD1 /* ArtProject */ = {
			isa = PBXNativeTarget;
			buildConfigurationList = 5E354F27218B735C00F82DD1 /* Build configuration list for PBXNativeTarget "ArtProject" */;
			buildPhases = (
				5E354F11218B735B00F82DD1 /* Sources */,
				5E354F12218B735B00F82DD1 /* Frameworks */,
				5E354F13218B735B00F82DD1 /* Resources */,
			);
			buildRules = (
			);
			dependencies = (
			);
			name = ArtProject;
			productName = ArtProject;
			productReference = 5E354F15218B735B00F82DD1 /* ArtProject.app */;
			productType = "com.apple.product-type.application";
		};
/* End PBXNativeTarget section */

/* Begin PBXProject section */
		5E354F0D218B735B00F82DD1 /* Project object */ = {
			isa = PBXProject;
			attributes = {
				LastSwiftUpdateCheck = 0940;
				LastUpgradeCheck = 0940;
				ORGANIZATIONNAME = "Phillips, Ryan";
				TargetAttributes = {
					5E354F14218B735B00F82DD1 = {
						CreatedOnToolsVersion = 9.4.1;
					};
				};
			};
			buildConfigurationList = 5E354F10218B735B00F82DD1 /* Build configuration list for PBXProject "ArtProject" */;
			compatibilityVersion = "Xcode 9.3";
			developmentRegion = en;
			hasScannedForEncodings = 0;
			knownRegions = (
				en,
				Base,
			);
			mainGroup = 5E354F0C218B735B00F82DD1;
			productRefGroup = 5E354F16218B735B00F82DD1 /* Products */;
			projectDirPath = "";
			projectRoot = "";
			targets = (
				5E354F14218B735B00F82DD1 /* ArtProject */,
			);
		};
/* End PBXProject section */

/* Begin PBXResourcesBuildPhase section */
		5E354F13218B735B00F82DD1 /* Resources */ = {
			isa = PBXResourcesBuildPhase;
			buildActionMask = 2147483647;
			files = (
				5E354F23218B735C00F82DD1 /* LaunchScreen.storyboard in Resources */,
				5E354F20218B735C00F82DD1 /* Assets.xcassets in Resources */,
				5E354F1E218B735B00F82DD1 /* Main.storyboard in Resources */,
			);
			runOnlyForDeploymentPostprocessing = 0;
		};
/* End PBXResourcesBuildPhase section */

/* Begin PBXSourcesBuildPhase section */
		5E354F11218B735B00F82DD1 /* Sources */ = {
			isa = PBXSourcesBuildPhase;
			buildActionMask = 2147483647;
			files = (
				5E354F1B218B735B00F82DD1 /* ArtViewController.swift in Sources */,
				5E354F2E218B7D1300F82DD1 /* ArtView.swift in Sources */,
				5E354F19218B735B00F82DD1 /* AppDelegate.swift in Sources */,
			);
			runOnlyForDeploymentPostprocessing = 0;
		};
/* End PBXSourcesBuildPhase section */

/* Begin PBXVariantGroup section */
		5E354F1C218B735B00F82DD1 /* Main.storyboard */ = {
			isa = PBXVariantGroup;
			children = (
				5E354F1D218B735B00F82DD1 /* Base */,
			);
			name = Main.storyboard;
			sourceTree = "<group>";
		};
		5E354F21218B735C00F82DD1 /* LaunchScreen.storyboard */ = {
			isa = PBXVariantGroup;
			children = (
				5E354F22218B735C00F82DD1 /* Base */,
			);
			name = LaunchScreen.storyboard;
			sourceTree = "<group>";
		};
/* End PBXVariantGroup section */

/* Begin XCBuildConfiguration section */
		5E354F25218B735C00F82DD1 /* Debug */ = {
			isa = XCBuildConfiguration;
			buildSettings = {
				ALWAYS_SEARCH_USER_PATHS = NO;
				CLANG_ANALYZER_NONNULL = YES;
				CLANG_ANALYZER_NUMBER_OBJECT_CONVERSION = YES_AGGRESSIVE;
				CLANG_CXX_LANGUAGE_STANDARD = "gnu++14";
				CLANG_CXX_LIBRARY = "libc++";
				CLANG_ENABLE_MODULES = YES;
				CLANG_ENABLE_OBJC_ARC = YES;
				CLANG_ENABLE_OBJC_WEAK = YES;
				CLANG_WARN_BLOCK_CAPTURE_AUTORELEASING = YES;
				CLANG_WARN_BOOL_CONVERSION = YES;
				CLANG_WARN_COMMA = YES;
				CLANG_WARN_CONSTANT_CONVERSION = YES;
				CLANG_WARN_DEPRECATED_OBJC_IMPLEMENTATIONS = YES;
				CLANG_WARN_DIRECT_OBJC_ISA_USAGE = YES_ERROR;
				CLANG_WARN_DOCUMENTATION_COMMENTS = YES;
				CLANG_WARN_EMPTY_BODY = YES;
				CLANG_WARN_ENUM_CONVERSION = YES;
				CLANG_WARN_INFINITE_RECURSION = YES;
				CLANG_WARN_INT_CONVERSION = YES;
				CLANG_WARN_NON_LITERAL_NULL_CONVERSION = YES;
				CLANG_WARN_OBJC_IMPLICIT_RETAIN_SELF = YES;
				CLANG_WARN_OBJC_LITERAL_CONVERSION = YES;
				CLANG_WARN_OBJC_ROOT_CLASS = YES_ERROR;
				CLANG_WARN_RANGE_LOOP_ANALYSIS = YES;
				CLANG_WARN_STRICT_PROTOTYPES = YES;
				CLANG_WARN_SUSPICIOUS_MOVE = YES;
				CLANG_WARN_UNGUARDED_AVAILABILITY = YES_AGGRESSIVE;
				CLANG_WARN_UNREACHABLE_CODE = YES;
				CLANG_WARN__DUPLICATE_METHOD_MATCH = YES;
				CODE_SIGN_IDENTITY = "iPhone Developer";
				COPY_PHASE_STRIP = NO;
				DEBUG_INFORMATION_FORMAT = dwarf;
				ENABLE_STRICT_OBJC_MSGSEND = YES;
				ENABLE_TESTABILITY = YES;
				GCC_C_LANGUAGE_STANDARD = gnu11;
				GCC_DYNAMIC_NO_PIC = NO;
				GCC_NO_COMMON_BLOCKS = YES;
				GCC_OPTIMIZATION_LEVEL = 0;
				GCC_PREPROCESSOR_DEFINITIONS = (
					"DEBUG=1",
					"$(inherited)",
				);
				GCC_WARN_64_TO_32_BIT_CONVERSION = YES;
				GCC_WARN_ABOUT_RETURN_TYPE = YES_ERROR;
				GCC_WARN_UNDECLARED_SELECTOR = YES;
				GCC_WARN_UNINITIALIZED_AUTOS = YES_AGGRESSIVE;
				GCC_WARN_UNUSED_FUNCTION = YES;
				GCC_WARN_UNUSED_VARIABLE = YES;
				IPHONEOS_DEPLOYMENT_TARGET = 11.4;
				MTL_ENABLE_DEBUG_INFO = YES;
				ONLY_ACTIVE_ARCH = YES;
				SDKROOT = iphoneos;
				SWIFT_ACTIVE_COMPILATION_CONDITIONS = DEBUG;
				SWIFT_OPTIMIZATION_LEVEL = "-Onone";
			};
			name = Debug;
		};
		5E354F26218B735C00F82DD1 /* Release */ = {
			isa = XCBuildConfiguration;
			buildSettings = {
				ALWAYS_SEARCH_USER_PATHS = NO;
				CLANG_ANALYZER_NONNULL = YES;
				CLANG_ANALYZER_NUMBER_OBJECT_CONVERSION = YES_AGGRESSIVE;
				CLANG_CXX_LANGUAGE_STANDARD = "gnu++14";
				CLANG_CXX_LIBRARY = "libc++";
				CLANG_ENABLE_MODULES = YES;
				CLANG_ENABLE_OBJC_ARC = YES;
				CLANG_ENABLE_OBJC_WEAK = YES;
				CLANG_WARN_BLOCK_CAPTURE_AUTORELEASING = YES;
				CLANG_WARN_BOOL_CONVERSION = YES;
				CLANG_WARN_COMMA = YES;
				CLANG_WARN_CONSTANT_CONVERSION = YES;
				CLANG_WARN_DEPRECATED_OBJC_IMPLEMENTATIONS = YES;
				CLANG_WARN_DIRECT_OBJC_ISA_USAGE = YES_ERROR;
				CLANG_WARN_DOCUMENTATION_COMMENTS = YES;
				CLANG_WARN_EMPTY_BODY = YES;
				CLANG_WARN_ENUM_CONVERSION = YES;
				CLANG_WARN_INFINITE_RECURSION = YES;
				CLANG_WARN_INT_CONVERSION = YES;
				CLANG_WARN_NON_LITERAL_NULL_CONVERSION = YES;
				CLANG_WARN_OBJC_IMPLICIT_RETAIN_SELF = YES;
				CLANG_WARN_OBJC_LITERAL_CONVERSION = YES;
				CLANG_WARN_OBJC_ROOT_CLASS = YES_ERROR;
				CLANG_WARN_RANGE_LOOP_ANALYSIS = YES;
				CLANG_WARN_STRICT_PROTOTYPES = YES;
				CLANG_WARN_SUSPICIOUS_MOVE = YES;
				CLANG_WARN_UNGUARDED_AVAILABILITY = YES_AGGRESSIVE;
				CLANG_WARN_UNREACHABLE_CODE = YES;
				CLANG_WARN__DUPLICATE_METHOD_MATCH = YES;
				CODE_SIGN_IDENTITY = "iPhone Developer";
				COPY_PHASE_STRIP = NO;
				DEBUG_INFORMATION_FORMAT = "dwarf-with-dsym";
				ENABLE_NS_ASSERTIONS = NO;
				ENABLE_STRICT_OBJC_MSGSEND = YES;
				GCC_C_LANGUAGE_STANDARD = gnu11;
				GCC_NO_COMMON_BLOCKS = YES;
				GCC_WARN_64_TO_32_BIT_CONVERSION = YES;
				GCC_WARN_ABOUT_RETURN_TYPE = YES_ERROR;
				GCC_WARN_UNDECLARED_SELECTOR = YES;
				GCC_WARN_UNINITIALIZED_AUTOS = YES_AGGRESSIVE;
				GCC_WARN_UNUSED_FUNCTION = YES;
				GCC_WARN_UNUSED_VARIABLE = YES;
				IPHONEOS_DEPLOYMENT_TARGET = 11.4;
				MTL_ENABLE_DEBUG_INFO = NO;
				SDKROOT = iphoneos;
				SWIFT_COMPILATION_MODE = wholemodule;
				SWIFT_OPTIMIZATION_LEVEL = "-O";
				VALIDATE_PRODUCT = YES;
			};
			name = Release;
		};
		5E354F28218B735C00F82DD1 /* Debug */ = {
			isa = XCBuildConfiguration;
			buildSettings = {
				ASSETCATALOG_COMPILER_APPICON_NAME = AppIcon;
				CODE_SIGN_STYLE = Automatic;
				INFOPLIST_FILE = "$(SRCROOT)/ArtProject/Resources/Info.plist";
				LD_RUNPATH_SEARCH_PATHS = (
					"$(inherited)",
					"@executable_path/Frameworks",
				);
				PRODUCT_BUNDLE_IDENTIFIER = CTEC.ArtProject;
				PRODUCT_NAME = "$(TARGET_NAME)";
				SWIFT_VERSION = 4.0;
				TARGETED_DEVICE_FAMILY = "1,2";
			};
			name = Debug;
		};
		5E354F29218B735C00F82DD1 /* Release */ = {
			isa = XCBuildConfiguration;
			buildSettings = {
				ASSETCATALOG_COMPILER_APPICON_NAME = AppIcon;
				CODE_SIGN_STYLE = Automatic;
				INFOPLIST_FILE = "$(SRCROOT)/ArtProject/Resources/Info.plist";
				LD_RUNPATH_SEARCH_PATHS = (
					"$(inherited)",
					"@executable_path/Frameworks",
				);
				PRODUCT_BUNDLE_IDENTIFIER = CTEC.ArtProject;
				PRODUCT_NAME = "$(TARGET_NAME)";
				SWIFT_VERSION = 4.0;
				TARGETED_DEVICE_FAMILY = "1,2";
			};
			name = Release;
		};
/* End XCBuildConfiguration section */

/* Begin XCConfigurationList section */
		5E354F10218B735B00F82DD1 /* Build configuration list for PBXProject "ArtProject" */ = {
			isa = XCConfigurationList;
			buildConfigurations = (
				5E354F25218B735C00F82DD1 /* Debug */,
				5E354F26218B735C00F82DD1 /* Release */,
			);
			defaultConfigurationIsVisible = 0;
			defaultConfigurationName = Release;
		};
		5E354F27218B735C00F82DD1 /* Build configuration list for PBXNativeTarget "ArtProject" */ = {
			isa = XCConfigurationList;
			buildConfigurations = (
				5E354F28218B735C00F82DD1 /* Debug */,
				5E354F29218B735C00F82DD1 /* Release */,
			);
			defaultConfigurationIsVisible = 0;
			defaultConfigurationName = Release;
		};
/* End XCConfigurationList section */
	};
	rootObject = 5E354F0D218B735B00F82DD1 /* Project object */;
}
